<?xml version="1.0" encoding="utf-8"?>
<Project ToolsVersion="4.0" xmlns="http://schemas.microsoft.com/developer/msbuild/2003">
  <ItemGroup>
    <Filter Include="ソース ファイル">
      <UniqueIdentifier>{4FC737F1-C7A5-4376-A066-2A32D752A2FF}</UniqueIdentifier>
      <Extensions>cpp;c;cc;cxx;c++;cppm;ixx;def;odl;idl;hpj;bat;asm;asmx</Extensions>
    </Filter>
    <Filter Include="ヘッダー ファイル">
      <UniqueIdentifier>{93995380-89BD-4b04-88EB-625FBE52EBFB}</UniqueIdentifier>
      <Extensions>h;hh;hpp;hxx;h++;hm;inl;inc;ipp;xsd</Extensions>
    </Filter>
    <Filter Include="リソース ファイル">
      <UniqueIdentifier>{67DA6AB6-F800-4c08-8B7A-83BB121AAD01}</UniqueIdentifier>
      <Extensions>rc;ico;cur;bmp;dlg;rc2;rct;bin;rgs;gif;jpg;jpeg;jpe;resx;tiff;tif;png;wav;mfcribbon-ms</Extensions>
    </Filter>
    <Filter Include="ソース ファイル\GameMgr">
      <UniqueIdentifier>{5072161e-ff77-468b-8f79-29959f5751ac}</UniqueIdentifier>
    </Filter>
    <Filter Include="ソース ファイル\GameSetting">
      <UniqueIdentifier>{0c78d2d7-cd4f-4858-8162-975ac8a36d7f}</UniqueIdentifier>
    </Filter>
    <Filter Include="ソース ファイル\Scene">
      <UniqueIdentifier>{5dd704fb-8592-44aa-a8b1-772f2a9cd23e}</UniqueIdentifier>
    </Filter>
    <Filter Include="ソース ファイル\Scene\SceneBase">
      <UniqueIdentifier>{c608d71d-b5ad-4ff3-b976-c6d578339f2c}</UniqueIdentifier>
    </Filter>
    <Filter Include="ソース ファイル\Scene\SceneMgr">
      <UniqueIdentifier>{021fbd35-95eb-476d-8a2e-373f4db2a904}</UniqueIdentifier>
    </Filter>
    <Filter Include="ソース ファイル\Scene\Title">
      <UniqueIdentifier>{12a44715-9b63-44b0-82b5-3aa1824dacb6}</UniqueIdentifier>
    </Filter>
    <Filter Include="ソース ファイル\TimeMgr">
      <UniqueIdentifier>{60284cb2-7dce-433b-a60b-f27b4e5c7bad}</UniqueIdentifier>
    </Filter>
    <Filter Include="ソース ファイル\Scene\Play">
      <UniqueIdentifier>{edfadfde-4ce8-4386-bc7b-d817975aca69}</UniqueIdentifier>
    </Filter>
  </ItemGroup>
  <ItemGroup>
    <ClCompile Include="..\code\GameMgr\GameMgr.cpp">
      <Filter>ソース ファイル\GameMgr</Filter>
    </ClCompile>
    <ClCompile Include="..\code\GameSetting\GameSetting.cpp">
      <Filter>ソース ファイル\GameSetting</Filter>
    </ClCompile>
    <ClCompile Include="..\code\Scene\SceneBase\SceneBase.cpp">
      <Filter>ソース ファイル\Scene\SceneBase</Filter>
    </ClCompile>
    <ClCompile Include="..\code\Scene\SceneMgr\SceneMgr.cpp">
      <Filter>ソース ファイル\Scene\SceneMgr</Filter>
    </ClCompile>
    <ClCompile Include="..\code\Scene\Title\Title.cpp">
      <Filter>ソース ファイル\Scene\Title</Filter>
    </ClCompile>
    <ClCompile Include="..\code\main.cpp">
      <Filter>ソース ファイル</Filter>
    </ClCompile>
    <ClCompile Include="..\code\TimeMgr\TimeMgr.cpp">
      <Filter>ソース ファイル\TimeMgr</Filter>
    </ClCompile>
    <ClCompile Include="..\code\Scene\Play\Play.cpp">
      <Filter>ソース ファイル\Scene\Play</Filter>
    </ClCompile>
  </ItemGroup>
  <ItemGroup>
    <ClInclude Include="..\code\GameMgr\GameMgr.h">
      <Filter>ソース ファイル\GameMgr</Filter>
    </ClInclude>
    <ClInclude Include="..\code\GameSetting\GameSetting.h">
      <Filter>ソース ファイル\GameSetting</Filter>
    </ClInclude>
    <ClInclude Include="..\code\Scene\SceneBase\SceneBase.h">
      <Filter>ソース ファイル\Scene\SceneBase</Filter>
    </ClInclude>
    <ClInclude Include="..\code\Scene\SceneMgr\SceneMgr.h">
      <Filter>ソース ファイル\Scene\SceneMgr</Filter>
    </ClInclude>
    <ClInclude Include="..\code\Scene\Title\Title.h">
      <Filter>ソース ファイル\Scene\Title</Filter>
    </ClInclude>
    <ClInclude Include="..\code\TimeMgr\TimeMgr.h">
      <Filter>ソース ファイル\TimeMgr</Filter>
    </ClInclude>
    <ClInclude Include="..\code\Scene\Play\Play.h">
      <Filter>ソース ファイル\Scene\Play</Filter>
    </ClInclude>
  </ItemGroup>
</Project>